// !$*UTF8*$!
{
	archiveVersion = 1;
	classes = {
	};
	objectVersion = 46;
	objects = {

/* Begin PBXBuildFile section */
		682ED1E6161C7FB2719C3432 /* Pods.framework in Frameworks */ = {isa = PBXBuildFile; fileRef = A63FF9F81B7109F77BA1D8C7 /* Pods.framework */; };
		7F37E62E1C76AFFA00179571 /* AppDelegate.swift in Sources */ = {isa = PBXBuildFile; fileRef = 7F37E62D1C76AFFA00179571 /* AppDelegate.swift */; };
		7F37E6301C76AFFA00179571 /* ViewController.swift in Sources */ = {isa = PBXBuildFile; fileRef = 7F37E62F1C76AFFA00179571 /* ViewController.swift */; };
		7F37E6361C76AFFA00179571 /* TestAlamofire.xcdatamodeld in Sources */ = {isa = PBXBuildFile; fileRef = 7F37E6341C76AFFA00179571 /* TestAlamofire.xcdatamodeld */; };
		7F37E6381C76AFFA00179571 /* Assets.xcassets in Resources */ = {isa = PBXBuildFile; fileRef = 7F37E6371C76AFFA00179571 /* Assets.xcassets */; };
		7F37E6461C76AFFA00179571 /* TestAlamofireTests.swift in Sources */ = {isa = PBXBuildFile; fileRef = 7F37E6451C76AFFA00179571 /* TestAlamofireTests.swift */; };
		7F37E6511C76AFFA00179571 /* TestAlamofireUITests.swift in Sources */ = {isa = PBXBuildFile; fileRef = 7F37E6501C76AFFA00179571 /* TestAlamofireUITests.swift */; };
		7F903CFD1C76BB7600F4E431 /* ViewModel.swift in Sources */ = {isa = PBXBuildFile; fileRef = 7F903CFC1C76BB7600F4E431 /* ViewModel.swift */; };
/* End PBXBuildFile section */

/* Begin PBXContainerItemProxy section */
		7F37E6421C76AFFA00179571 /* PBXContainerItemProxy */ = {
			isa = PBXContainerItemProxy;
			containerPortal = 7F37E6221C76AFFA00179571 /* Project object */;
			proxyType = 1;
			remoteGlobalIDString = 7F37E6291C76AFFA00179571;
			remoteInfo = TestAlamofire;
		};
		7F37E64D1C76AFFA00179571 /* PBXContainerItemProxy */ = {
			isa = PBXContainerItemProxy;
			containerPortal = 7F37E6221C76AFFA00179571 /* Project object */;
			proxyType = 1;
			remoteGlobalIDString = 7F37E6291C76AFFA00179571;
			remoteInfo = TestAlamofire;
		};
/* End PBXContainerItemProxy section */

/* Begin PBXFileReference section */
		7F37E62A1C76AFFA00179571 /* TestAlamofire.app */ = {isa = PBXFileReference; explicitFileType = wrapper.application; includeInIndex = 0; path = TestAlamofire.app; sourceTree = BUILT_PRODUCTS_DIR; };
		7F37E62D1C76AFFA00179571 /* AppDelegate.swift */ = {isa = PBXFileReference; lastKnownFileType = sourcecode.swift; path = AppDelegate.swift; sourceTree = "<group>"; };
		7F37E62F1C76AFFA00179571 /* ViewController.swift */ = {isa = PBXFileReference; lastKnownFileType = sourcecode.swift; path = ViewController.swift; sourceTree = "<group>"; };
		7F37E6351C76AFFA00179571 /* TestAlamofire.xcdatamodel */ = {isa = PBXFileReference; lastKnownFileType = wrapper.xcdatamodel; path = TestAlamofire.xcdatamodel; sourceTree = "<group>"; };
		7F37E6371C76AFFA00179571 /* Assets.xcassets */ = {isa = PBXFileReference; lastKnownFileType = folder.assetcatalog; path = Assets.xcassets; sourceTree = "<group>"; };
		7F37E63C1C76AFFA00179571 /* Info.plist */ = {isa = PBXFileReference; lastKnownFileType = text.plist.xml; path = Info.plist; sourceTree = "<group>"; };
		7F37E6411C76AFFA00179571 /* TestAlamofireTests.xctest */ = {isa = PBXFileReference; explicitFileType = wrapper.cfbundle; includeInIndex = 0; path = TestAlamofireTests.xctest; sourceTree = BUILT_PRODUCTS_DIR; };
		7F37E6451C76AFFA00179571 /* TestAlamofireTests.swift */ = {isa = PBXFileReference; lastKnownFileType = sourcecode.swift; path = TestAlamofireTests.swift; sourceTree = "<group>"; };
		7F37E6471C76AFFA00179571 /* Info.plist */ = {isa = PBXFileReference; lastKnownFileType = text.plist.xml; path = Info.plist; sourceTree = "<group>"; };
		7F37E64C1C76AFFA00179571 /* TestAlamofireUITests.xctest */ = {isa = PBXFileReference; explicitFileType = wrapper.cfbundle; includeInIndex = 0; path = TestAlamofireUITests.xctest; sourceTree = BUILT_PRODUCTS_DIR; };
		7F37E6501C76AFFA00179571 /* TestAlamofireUITests.swift */ = {isa = PBXFileReference; lastKnownFileType = sourcecode.swift; path = TestAlamofireUITests.swift; sourceTree = "<group>"; };
		7F37E6521C76AFFA00179571 /* Info.plist */ = {isa = PBXFileReference; lastKnownFileType = text.plist.xml; path = Info.plist; sourceTree = "<group>"; };
		7F903CFC1C76BB7600F4E431 /* ViewModel.swift */ = {isa = PBXFileReference; fileEncoding = 4; lastKnownFileType = sourcecode.swift; path = ViewModel.swift; sourceTree = "<group>"; };
		8E2666D4F7CEC33507526959 /* Pods.release.xcconfig */ = {isa = PBXFileReference; includeInIndex = 1; lastKnownFileType = text.xcconfig; name = Pods.release.xcconfig; path = "Pods/Target Support Files/Pods/Pods.release.xcconfig"; sourceTree = "<group>"; };
		A63FF9F81B7109F77BA1D8C7 /* Pods.framework */ = {isa = PBXFileReference; explicitFileType = wrapper.framework; includeInIndex = 0; path = Pods.framework; sourceTree = BUILT_PRODUCTS_DIR; };
		E4DD9B155EB64DFCC313EA2B /* Pods.debug.xcconfig */ = {isa = PBXFileReference; includeInIndex = 1; lastKnownFileType = text.xcconfig; name = Pods.debug.xcconfig; path = "Pods/Target Support Files/Pods/Pods.debug.xcconfig"; sourceTree = "<group>"; };
/* End PBXFileReference section */

/* Begin PBXFrameworksBuildPhase section */
		7F37E6271C76AFFA00179571 /* Frameworks */ = {
			isa = PBXFrameworksBuildPhase;
			buildActionMask = 2147483647;
			files = (
				682ED1E6161C7FB2719C3432 /* Pods.framework in Frameworks */,
			);
			runOnlyForDeploymentPostprocessing = 0;
		};
		7F37E63E1C76AFFA00179571 /* Frameworks */ = {
			isa = PBXFrameworksBuildPhase;
			buildActionMask = 2147483647;
			files = (
			);
			runOnlyForDeploymentPostprocessing = 0;
		};
		7F37E6491C76AFFA00179571 /* Frameworks */ = {
			isa = PBXFrameworksBuildPhase;
			buildActionMask = 2147483647;
			files = (
			);
			runOnlyForDeploymentPostprocessing = 0;
		};
/* End PBXFrameworksBuildPhase section */

/* Begin PBXGroup section */
		7F37E6211C76AFFA00179571 = {
			isa = PBXGroup;
			children = (
				7F37E62C1C76AFFA00179571 /* TestAlamofire */,
				7F37E6441C76AFFA00179571 /* TestAlamofireTests */,
				7F37E64F1C76AFFA00179571 /* TestAlamofireUITests */,
				7F37E62B1C76AFFA00179571 /* Products */,
				F67B0E418C3FFF6F134E2AF3 /* Pods */,
				EC19633BF351144723B1884E /* Frameworks */,
			);
			sourceTree = "<group>";
		};
		7F37E62B1C76AFFA00179571 /* Products */ = {
			isa = PBXGroup;
			children = (
				7F37E62A1C76AFFA00179571 /* TestAlamofire.app */,
				7F37E6411C76AFFA00179571 /* TestAlamofireTests.xctest */,
				7F37E64C1C76AFFA00179571 /* TestAlamofireUITests.xctest */,
			);
			name = Products;
			sourceTree = "<group>";
		};
		7F37E62C1C76AFFA00179571 /* TestAlamofire */ = {
			isa = PBXGroup;
			children = (
				7F903CFB1C76BB5D00F4E431 /* viewController */,
				7F903CFA1C76BB5700F4E431 /* viewModel */,
				7F37E62D1C76AFFA00179571 /* AppDelegate.swift */,
				7F37E6371C76AFFA00179571 /* Assets.xcassets */,
				7F37E63C1C76AFFA00179571 /* Info.plist */,
				7F37E6341C76AFFA00179571 /* TestAlamofire.xcdatamodeld */,
			);
			path = TestAlamofire;
			sourceTree = "<group>";
		};
		7F37E6441C76AFFA00179571 /* TestAlamofireTests */ = {
			isa = PBXGroup;
			children = (
				7F37E6451C76AFFA00179571 /* TestAlamofireTests.swift */,
				7F37E6471C76AFFA00179571 /* Info.plist */,
			);
			path = TestAlamofireTests;
			sourceTree = "<group>";
		};
		7F37E64F1C76AFFA00179571 /* TestAlamofireUITests */ = {
			isa = PBXGroup;
			children = (
				7F37E6501C76AFFA00179571 /* TestAlamofireUITests.swift */,
				7F37E6521C76AFFA00179571 /* Info.plist */,
			);
			path = TestAlamofireUITests;
			sourceTree = "<group>";
		};
		7F903CFA1C76BB5700F4E431 /* viewModel */ = {
			isa = PBXGroup;
			children = (
				7F903CFC1C76BB7600F4E431 /* ViewModel.swift */,
			);
			name = viewModel;
			sourceTree = "<group>";
		};
		7F903CFB1C76BB5D00F4E431 /* viewController */ = {
			isa = PBXGroup;
			children = (
				7F37E62F1C76AFFA00179571 /* ViewController.swift */,
			);
			name = viewController;
			sourceTree = "<group>";
		};
		EC19633BF351144723B1884E /* Frameworks */ = {
			isa = PBXGroup;
			children = (
				A63FF9F81B7109F77BA1D8C7 /* Pods.framework */,
			);
			name = Frameworks;
			sourceTree = "<group>";
		};
		F67B0E418C3FFF6F134E2AF3 /* Pods */ = {
			isa = PBXGroup;
			children = (
				E4DD9B155EB64DFCC313EA2B /* Pods.debug.xcconfig */,
				8E2666D4F7CEC33507526959 /* Pods.release.xcconfig */,
			);
			name = Pods;
			sourceTree = "<group>";
		};
/* End PBXGroup section */

/* Begin PBXNativeTarget section */
		7F37E6291C76AFFA00179571 /* TestAlamofire */ = {
			isa = PBXNativeTarget;
			buildConfigurationList = 7F37E6551C76AFFA00179571 /* Build configuration list for PBXNativeTarget "TestAlamofire" */;
			buildPhases = (
				288F95F5CE3072F97642F68B /* Check Pods Manifest.lock */,
				7F37E6261C76AFFA00179571 /* Sources */,
				7F37E6271C76AFFA00179571 /* Frameworks */,
				7F37E6281C76AFFA00179571 /* Resources */,
				71576072D86C828BE992637D /* Embed Pods Frameworks */,
				FA327E09BB9803F8226150D2 /* Copy Pods Resources */,
			);
			buildRules = (
			);
			dependencies = (
			);
			name = TestAlamofire;
			productName = TestAlamofire;
			productReference = 7F37E62A1C76AFFA00179571 /* TestAlamofire.app */;
			productType = "com.apple.product-type.application";
		};
		7F37E6401C76AFFA00179571 /* TestAlamofireTests */ = {
			isa = PBXNativeTarget;
			buildConfigurationList = 7F37E6581C76AFFA00179571 /* Build configuration list for PBXNativeTarget "TestAlamofireTests" */;
			buildPhases = (
				7F37E63D1C76AFFA00179571 /* Sources */,
				7F37E63E1C76AFFA00179571 /* Frameworks */,
				7F37E63F1C76AFFA00179571 /* Resources */,
			);
			buildRules = (
			);
			dependencies = (
				7F37E6431C76AFFA00179571 /* PBXTargetDependency */,
			);
			name = TestAlamofireTests;
			productName = TestAlamofireTests;
			productReference = 7F37E6411C76AFFA00179571 /* TestAlamofireTests.xctest */;
			productType = "com.apple.product-type.bundle.unit-test";
		};
		7F37E64B1C76AFFA00179571 /* TestAlamofireUITests */ = {
			isa = PBXNativeTarget;
			buildConfigurationList = 7F37E65B1C76AFFA00179571 /* Build configuration list for PBXNativeTarget "TestAlamofireUITests" */;
			buildPhases = (
				7F37E6481C76AFFA00179571 /* Sources */,
				7F37E6491C76AFFA00179571 /* Frameworks */,
				7F37E64A1C76AFFA00179571 /* Resources */,
			);
			buildRules = (
			);
			dependencies = (
				7F37E64E1C76AFFA00179571 /* PBXTargetDependency */,
			);
			name = TestAlamofireUITests;
			productName = TestAlamofireUITests;
			productReference = 7F37E64C1C76AFFA00179571 /* TestAlamofireUITests.xctest */;
			productType = "com.apple.product-type.bundle.ui-testing";
		};
/* End PBXNativeTarget section */

/* Begin PBXProject section */
		7F37E6221C76AFFA00179571 /* Project object */ = {
			isa = PBXProject;
			attributes = {
				LastSwiftUpdateCheck = 0720;
				LastUpgradeCheck = 0720;
				ORGANIZATIONNAME = "Yoshizumi Ashikawa";
				TargetAttributes = {
					7F37E6291C76AFFA00179571 = {
						CreatedOnToolsVersion = 7.2;
					};
					7F37E6401C76AFFA00179571 = {
						CreatedOnToolsVersion = 7.2;
						TestTargetID = 7F37E6291C76AFFA00179571;
					};
					7F37E64B1C76AFFA00179571 = {
						CreatedOnToolsVersion = 7.2;
						TestTargetID = 7F37E6291C76AFFA00179571;
					};
				};
			};
			buildConfigurationList = 7F37E6251C76AFFA00179571 /* Build configuration list for PBXProject "TestAlamofire" */;
			compatibilityVersion = "Xcode 3.2";
			developmentRegion = English;
			hasScannedForEncodings = 0;
			knownRegions = (
				en,
				Base,
			);
			mainGroup = 7F37E6211C76AFFA00179571;
			productRefGroup = 7F37E62B1C76AFFA00179571 /* Products */;
			projectDirPath = "";
			projectRoot = "";
			targets = (
				7F37E6291C76AFFA00179571 /* TestAlamofire */,
				7F37E6401C76AFFA00179571 /* TestAlamofireTests */,
				7F37E64B1C76AFFA00179571 /* TestAlamofireUITests */,
			);
		};
/* End PBXProject section */

/* Begin PBXResourcesBuildPhase section */
		7F37E6281C76AFFA00179571 /* Resources */ = {
			isa = PBXResourcesBuildPhase;
			buildActionMask = 2147483647;
			files = (
				7F37E6381C76AFFA00179571 /* Assets.xcassets in Resources */,
			);
			runOnlyForDeploymentPostprocessing = 0;
		};
		7F37E63F1C76AFFA00179571 /* Resources */ = {
			isa = PBXResourcesBuildPhase;
			buildActionMask = 2147483647;
			files = (
			);
			runOnlyForDeploymentPostprocessing = 0;
		};
		7F37E64A1C76AFFA00179571 /* Resources */ = {
			isa = PBXResourcesBuildPhase;
			buildActionMask = 2147483647;
			files = (
			);
			runOnlyForDeploymentPostprocessing = 0;
		};
/* End PBXResourcesBuildPhase section */

/* Begin PBXShellScriptBuildPhase section */
		288F95F5CE3072F97642F68B /* Check Pods Manifest.lock */ = {
			isa = PBXShellScriptBuildPhase;
			buildActionMask = 2147483647;
			files = (
			);
			inputPaths = (
			);
			name = "Check Pods Manifest.lock";
			outputPaths = (
			);
			runOnlyForDeploymentPostprocessing = 0;
			shellPath = /bin/sh;
			shellScript = "diff \"${PODS_ROOT}/../Podfile.lock\" \"${PODS_ROOT}/Manifest.lock\" > /dev/null\nif [[ $? != 0 ]] ; then\n    cat << EOM\nerror: The sandbox is not in sync with the Podfile.lock. Run 'pod install' or update your CocoaPods installation.\nEOM\n    exit 1\nfi\n";
			showEnvVarsInLog = 0;
		};
		71576072D86C828BE992637D /* Embed Pods Frameworks */ = {
			isa = PBXShellScriptBuildPhase;
			buildActionMask = 2147483647;
			files = (
			);
			inputPaths = (
			);
			name = "Embed Pods Frameworks";
			outputPaths = (
			);
			runOnlyForDeploymentPostprocessing = 0;
			shellPath = /bin/sh;
			shellScript = "\"${SRCROOT}/Pods/Target Support Files/Pods/Pods-frameworks.sh\"\n";
			showEnvVarsInLog = 0;
		};
		FA327E09BB9803F8226150D2 /* Copy Pods Resources */ = {
			isa = PBXShellScriptBuildPhase;
			buildActionMask = 2147483647;
			files = (
			);
			inputPaths = (
			);
			name = "Copy Pods Resources";
			outputPaths = (
			);
			runOnlyForDeploymentPostprocessing = 0;
			shellPath = /bin/sh;
			shellScript = "\"${SRCROOT}/Pods/Target Support Files/Pods/Pods-resources.sh\"\n";
			showEnvVarsInLog = 0;
		};
/* End PBXShellScriptBuildPhase section */

/* Begin PBXSourcesBuildPhase section */
		7F37E6261C76AFFA00179571 /* Sources */ = {
			isa = PBXSourcesBuildPhase;
			buildActionMask = 2147483647;
			files = (
				7F37E6361C76AFFA00179571 /* TestAlamofire.xcdatamodeld in Sources */,
				7F37E6301C76AFFA00179571 /* ViewController.swift in Sources */,
				7F903CFD1C76BB7600F4E431 /* ViewModel.swift in Sources */,
				7F37E62E1C76AFFA00179571 /* AppDelegate.swift in Sources */,
			);
			runOnlyForDeploymentPostprocessing = 0;
		};
		7F37E63D1C76AFFA00179571 /* Sources */ = {
			isa = PBXSourcesBuildPhase;
			buildActionMask = 2147483647;
			files = (
				7F37E6461C76AFFA00179571 /* TestAlamofireTests.swift in Sources */,
			);
			runOnlyForDeploymentPostprocessing = 0;
		};
		7F37E6481C76AFFA00179571 /* Sources */ = {
			isa = PBXSourcesBuildPhase;
			buildActionMask = 2147483647;
			files = (
				7F37E6511C76AFFA00179571 /* TestAlamofireUITests.swift in Sources */,
			);
			runOnlyForDeploymentPostprocessing = 0;
		};
/* End PBXSourcesBuildPhase section */

/* Begin PBXTargetDependency section */
		7F37E6431C76AFFA00179571 /* PBXTargetDependency */ = {
			isa = PBXTargetDependency;
			target = 7F37E6291C76AFFA00179571 /* TestAlamofire */;
			targetProxy = 7F37E6421C76AFFA00179571 /* PBXContainerItemProxy */;
		};
		7F37E64E1C76AFFA00179571 /* PBXTargetDependency */ = {
			isa = PBXTargetDependency;
			target = 7F37E6291C76AFFA00179571 /* TestAlamofire */;
			targetProxy = 7F37E64D1C76AFFA00179571 /* PBXContainerItemProxy */;
		};
/* End PBXTargetDependency section */

/* Begin XCBuildConfiguration section */
		7F37E6531C76AFFA00179571 /* Debug */ = {
			isa = XCBuildConfiguration;
			buildSettings = {
				ALWAYS_SEARCH_USER_PATHS = NO;
				CLANG_CXX_LANGUAGE_STANDARD = "gnu++0x";
				CLANG_CXX_LIBRARY = "libc++";
				CLANG_ENABLE_MODULES = YES;
				CLANG_ENABLE_OBJC_ARC = YES;
				CLANG_WARN_BOOL_CONVERSION = YES;
				CLANG_WARN_CONSTANT_CONVERSION = YES;
				CLANG_WARN_DIRECT_OBJC_ISA_USAGE = YES_ERROR;
				CLANG_WARN_EMPTY_BODY = YES;
				CLANG_WARN_ENUM_CONVERSION = YES;
				CLANG_WARN_INT_CONVERSION = YES;
				CLANG_WARN_OBJC_ROOT_CLASS = YES_ERROR;
				CLANG_WARN_UNREACHABLE_CODE = YES;
				CLANG_WARN__DUPLICATE_METHOD_MATCH = YES;
				"CODE_SIGN_IDENTITY[sdk=iphoneos*]" = "iPhone Developer";
				COPY_PHASE_STRIP = NO;
				DEBUG_INFORMATION_FORMAT = dwarf;
				ENABLE_STRICT_OBJC_MSGSEND = YES;
				ENABLE_TESTABILITY = YES;
				GCC_C_LANGUAGE_STANDARD = gnu99;
				GCC_DYNAMIC_NO_PIC = NO;
				GCC_NO_COMMON_BLOCKS = YES;
				GCC_OPTIMIZATION_LEVEL = 0;
				GCC_PREPROCESSOR_DEFINITIONS = (
					"DEBUG=1",
					"$(inherited)",
				);
				GCC_WARN_64_TO_32_BIT_CONVERSION = YES;
				GCC_WARN_ABOUT_RETURN_TYPE = YES_ERROR;
				GCC_WARN_UNDECLARED_SELECTOR = YES;
				GCC_WARN_UNINITIALIZED_AUTOS = YES_AGGRESSIVE;
				GCC_WARN_UNUSED_FUNCTION = YES;
				GCC_WARN_UNUSED_VARIABLE = YES;
				IPHONEOS_DEPLOYMENT_TARGET = 9.2;
				MTL_ENABLE_DEBUG_INFO = YES;
				ONLY_ACTIVE_ARCH = YES;
				SDKROOT = iphoneos;
				SWIFT_OPTIMIZATION_LEVEL = "-Onone";
			};
			name = Debug;
		};
		7F37E6541C76AFFA00179571 /* Release */ = {
			isa = XCBuildConfiguration;
			buildSettings = {
				ALWAYS_SEARCH_USER_PATHS = NO;
				CLANG_CXX_LANGUAGE_STANDARD = "gnu++0x";
				CLANG_CXX_LIBRARY = "libc++";
				CLANG_ENABLE_MODULES = YES;
				CLANG_ENABLE_OBJC_ARC = YES;
				CLANG_WARN_BOOL_CONVERSION = YES;
				CLANG_WARN_CONSTANT_CONVERSION = YES;
				CLANG_WARN_DIRECT_OBJC_ISA_USAGE = YES_ERROR;
				CLANG_WARN_EMPTY_BODY = YES;
				CLANG_WARN_ENUM_CONVERSION = YES;
				CLANG_WARN_INT_CONVERSION = YES;
				CLANG_WARN_OBJC_ROOT_CLASS = YES_ERROR;
				CLANG_WARN_UNREACHABLE_CODE = YES;
				CLANG_WARN__DUPLICATE_METHOD_MATCH = YES;
				"CODE_SIGN_IDENTITY[sdk=iphoneos*]" = "iPhone Developer";
				COPY_PHASE_STRIP = NO;
				DEBUG_INFORMATION_FORMAT = "dwarf-with-dsym";
				ENABLE_NS_ASSERTIONS = NO;
				ENABLE_STRICT_OBJC_MSGSEND = YES;
				GCC_C_LANGUAGE_STANDARD = gnu99;
				GCC_NO_COMMON_BLOCKS = YES;
				GCC_WARN_64_TO_32_BIT_CONVERSION = YES;
				GCC_WARN_ABOUT_RETURN_TYPE = YES_ERROR;
				GCC_WARN_UNDECLARED_SELECTOR = YES;
				GCC_WARN_UNINITIALIZED_AUTOS = YES_AGGRESSIVE;
				GCC_WARN_UNUSED_FUNCTION = YES;
				GCC_WARN_UNUSED_VARIABLE = YES;
				IPHONEOS_DEPLOYMENT_TARGET = 9.2;
				MTL_ENABLE_DEBUG_INFO = NO;
				SDKROOT = iphoneos;
				VALIDATE_PRODUCT = YES;
			};
			name = Release;
		};
		7F37E6561C76AFFA00179571 /* Debug */ = {
			isa = XCBuildConfiguration;
			baseConfigurationReference = E4DD9B155EB64DFCC313EA2B /* Pods.debug.xcconfig */;
			buildSettings = {
				ASSETCATALOG_COMPILER_APPICON_NAME = AppIcon;
				INFOPLIST_FILE = TestAlamofire/Info.plist;
				LD_RUNPATH_SEARCH_PATHS = "$(inherited) @executable_path/Frameworks";
				PRODUCT_BUNDLE_IDENTIFIER = ashikawa.TestAlamofire;
				PRODUCT_NAME = "$(TARGET_NAME)";
			};
			name = Debug;
		};
		7F37E6571C76AFFA00179571 /* Release */ = {
			isa = XCBuildConfiguration;
			baseConfigurationReference = 8E2666D4F7CEC33507526959 /* Pods.release.xcconfig */;
			buildSettings = {
				ASSETCATALOG_COMPILER_APPICON_NAME = AppIcon;
				INFOPLIST_FILE = TestAlamofire/Info.plist;
				LD_RUNPATH_SEARCH_PATHS = "$(inherited) @executable_path/Frameworks";
				PRODUCT_BUNDLE_IDENTIFIER = ashikawa.TestAlamofire;
				PRODUCT_NAME = "$(TARGET_NAME)";
			};
			name = Release;
		};
		7F37E6591C76AFFA00179571 /* Debug */ = {
			isa = XCBuildConfiguration;
			buildSettings = {
				BUNDLE_LOADER = "$(TEST_HOST)";
				INFOPLIST_FILE = TestAlamofireTests/Info.plist;
				LD_RUNPATH_SEARCH_PATHS = "$(inherited) @executable_path/Frameworks @loader_path/Frameworks";
				PRODUCT_BUNDLE_IDENTIFIER = ashikawa.TestAlamofireTests;
				PRODUCT_NAME = "$(TARGET_NAME)";
				TEST_HOST = "$(BUILT_PRODUCTS_DIR)/TestAlamofire.app/TestAlamofire";
			};
			name = Debug;
		};
		7F37E65A1C76AFFA00179571 /* Release */ = {
			isa = XCBuildConfiguration;
			buildSettings = {
				BUNDLE_LOADER = "$(TEST_HOST)";
				INFOPLIST_FILE = TestAlamofireTests/Info.plist;
				LD_RUNPATH_SEARCH_PATHS = "$(inherited) @executable_path/Frameworks @loader_path/Frameworks";
				PRODUCT_BUNDLE_IDENTIFIER = ashikawa.TestAlamofireTests;
				PRODUCT_NAME = "$(TARGET_NAME)";
				TEST_HOST = "$(BUILT_PRODUCTS_DIR)/TestAlamofire.app/TestAlamofire";
			};
			name = Release;
		};
		7F37E65C1C76AFFA00179571 /* Debug */ = {
			isa = XCBuildConfiguration;
			buildSettings = {
				INFOPLIST_FILE = TestAlamofireUITests/Info.plist;
				LD_RUNPATH_SEARCH_PATHS = "$(inherited) @executable_path/Frameworks @loader_path/Frameworks";
				PRODUCT_BUNDLE_IDENTIFIER = ashikawa.TestAlamofireUITests;
				PRODUCT_NAME = "$(TARGET_NAME)";
				TEST_TARGET_NAME = TestAlamofire;
				USES_XCTRUNNER = YES;
			};
			name = Debug;
		};
		7F37E65D1C76AFFA00179571 /* Release */ = {
			isa = XCBuildConfiguration;
			buildSettings = {
				INFOPLIST_FILE = TestAlamofireUITests/Info.plist;
				LD_RUNPATH_SEARCH_PATHS = "$(inherited) @executable_path/Frameworks @loader_path/Frameworks";
				PRODUCT_BUNDLE_IDENTIFIER = ashikawa.TestAlamofireUITests;
				PRODUCT_NAME = "$(TARGET_NAME)";
				TEST_TARGET_NAME = TestAlamofire;
				USES_XCTRUNNER = YES;
			};
			name = Release;
		};
/* End XCBuildConfiguration section */

/* Begin XCConfigurationList section */
		7F37E6251C76AFFA00179571 /* Build configuration list for PBXProject "TestAlamofire" */ = {
			isa = XCConfigurationList;
			buildConfigurations = (
				7F37E6531C76AFFA00179571 /* Debug */,
				7F37E6541C76AFFA00179571 /* Release */,
			);
			defaultConfigurationIsVisible = 0;
			defaultConfigurationName = Release;
		};
		7F37E6551C76AFFA00179571 /* Build configuration list for PBXNativeTarget "TestAlamofire" */ = {
			isa = XCConfigurationList;
			buildConfigurations = (
				7F37E6561C76AFFA00179571 /* Debug */,
				7F37E6571C76AFFA00179571 /* Release */,
			);
			defaultConfigurationIsVisible = 0;
			defaultConfigurationName = Release;
		};
		7F37E6581C76AFFA00179571 /* Build configuration list for PBXNativeTarget "TestAlamofireTests" */ = {
			isa = XCConfigurationList;
			buildConfigurations = (
				7F37E6591C76AFFA00179571 /* Debug */,
				7F37E65A1C76AFFA00179571 /* Release */,
			);
			defaultConfigurationIsVisible = 0;
			defaultConfigurationName = Release;
		};
		7F37E65B1C76AFFA00179571 /* Build configuration list for PBXNativeTarget "TestAlamofireUITests" */ = {
			isa = XCConfigurationList;
			buildConfigurations = (
				7F37E65C1C76AFFA00179571 /* Debug */,
				7F37E65D1C76AFFA00179571 /* Release */,
			);
			defaultConfigurationIsVisible = 0;
			defaultConfigurationName = Release;
		};
/* End XCConfigurationList section */

/* Begin XCVersionGroup section */
		7F37E6341C76AFFA00179571 /* TestAlamofire.xcdatamodeld */ = {
			isa = XCVersionGroup;
			children = (
				7F37E6351C76AFFA00179571 /* TestAlamofire.xcdatamodel */,
			);
			currentVersion = 7F37E6351C76AFFA00179571 /* TestAlamofire.xcdatamodel */;
			path = TestAlamofire.xcdatamodeld;
			sourceTree = "<group>";
			versionGroupType = wrapper.xcdatamodel;
		};
/* End XCVersionGroup section */
	};
	rootObject = 7F37E6221C76AFFA00179571 /* Project object */;
}
